
Microsoft Visual Studio Solution File, Format Version 12.00
# Visual Studio Version 16
VisualStudioVersion = 16.0.30114.105
MinimumVisualStudioVersion = 10.0.40219.1
Project("{FAE04EC0-301F-11D3-BF4B-00C04F79EFBC}") = "SimpleStringCalculator", "SimpleStringCalculator\SimpleStringCalculator.csproj", "{721571C2-0C11-43E7-A752-36A8FB507D8F}"
EndProject
Project("{FAE04EC0-301F-11D3-BF4B-00C04F79EFBC}") = "SimpleStringCalculator.Tests", "SimpleStringCalculator.Tests\SimpleStringCalculator.Tests.csproj", "{76232B63-6E5F-4882-BC45-97824472FE71}"
EndProject
Global
	GlobalSection(SolutionConfigurationPlatforms) = preSolution
		Debug|Any CPU = Debug|Any CPU
		Release|Any CPU = Release|Any CPU
	EndGlobalSection
	GlobalSection(SolutionProperties) = preSolution
		HideSolutionNode = FALSE
	EndGlobalSection
	GlobalSection(ProjectConfigurationPlatforms) = postSolution
		{721571C2-0C11-43E7-A752-36A8FB507D8F}.Debug|Any CPU.ActiveCfg = Debug|Any CPU
		{721571C2-0C11-43E7-A752-36A8FB507D8F}.Debug|Any CPU.Build.0 = Debug|Any CPU
		{721571C2-0C11-43E7-A752-36A8FB507D8F}.Release|Any CPU.ActiveCfg = Release|Any CPU
		{721571C2-0C11-43E7-A752-36A8FB507D8F}.Release|Any CPU.Build.0 = Release|Any CPU
		{76232B63-6E5F-4882-BC45-97824472FE71}.Debug|Any CPU.ActiveCfg = Debug|Any CPU
		{76232B63-6E5F-4882-BC45-97824472FE71}.Debug|Any CPU.Build.0 = Debug|Any CPU
		{76232B63-6E5F-4882-BC45-97824472FE71}.Release|Any CPU.ActiveCfg = Release|Any CPU
		{76232B63-6E5F-4882-BC45-97824472FE71}.Release|Any CPU.Build.0 = Release|Any CPU
	EndGlobalSection
EndGlobal
